
Microsoft Visual Studio Solution File, Format Version 12.00
# Visual Studio 15
VisualStudioVersion = 15.0.28307.572
MinimumVisualStudioVersion = 10.0.40219.1
Project("{8BC9CEB8-8B4A-11D0-8D11-00A0C91BC942}") = "EyeOfTheBeholder2", "EyeOfTheBeholder2\EyeOfTheBeholder2.vcxproj", "{F68B5DDF-E25D-4EED-8B6D-F4B432B4FD12}"
EndProject
Global
	GlobalSection(SolutionConfigurationPlatforms) = preSolution
		Debug|x64 = Debug|x64
		Debug|x86 = Debug|x86
		Release|x64 = Release|x64
		Release|x86 = Release|x86
	EndGlobalSection
	GlobalSection(ProjectConfigurationPlatforms) = postSolution
		{F68B5DDF-E25D-4EED-8B6D-F4B432B4FD12}.Debug|x64.ActiveCfg = Debug|x64
		{F68B5DDF-E25D-4EED-8B6D-F4B432B4FD12}.Debug|x64.Build.0 = Debug|x64
		{F68B5DDF-E25D-4EED-8B6D-F4B432B4FD12}.Debug|x86.ActiveCfg = Debug|Win32
		{F68B5DDF-E25D-4EED-8B6D-F4B432B4FD12}.Debug|x86.Build.0 = Debug|Win32
		{F68B5DDF-E25D-4EED-8B6D-F4B432B4FD12}.Release|x64.ActiveCfg = Release|x64
		{F68B5DDF-E25D-4EED-8B6D-F4B432B4FD12}.Release|x64.Build.0 = Release|x64
		{F68B5DDF-E25D-4EED-8B6D-F4B432B4FD12}.Release|x86.ActiveCfg = Release|Win32
		{F68B5DDF-E25D-4EED-8B6D-F4B432B4FD12}.Release|x86.Build.0 = Release|Win32
	EndGlobalSection
	GlobalSection(SolutionProperties) = preSolution
		HideSolutionNode = FALSE
	EndGlobalSection
	GlobalSection(ExtensibilityGlobals) = postSolution
		SolutionGuid = {29F1DAE5-B400-440A-9C3F-57059C37BC99}
	EndGlobalSection
EndGlobal
